// !$*UTF8*$!
{
	archiveVersion = 1;
	classes = {
	};
	objectVersion = 46;
	objects = {

/* Begin PBXBuildFile section */
		1736388F18F6E3BA00470BA7 /* CLusterOverviewViewController.m in Sources */ = {isa = PBXBuildFile; fileRef = 1736388E18F6E3BA00470BA7 /* CLusterOverviewViewController.m */; };
		17EF9EA818F56B9F00BA89C8 /* Cluster.m in Sources */ = {isa = PBXBuildFile; fileRef = 17EF9EA718F56B9F00BA89C8 /* Cluster.m */; };
		17F97DE518F5BA9400CF2CC6 /* ClusterSettingsViewController.m in Sources */ = {isa = PBXBuildFile; fileRef = 17F97DE418F5BA9400CF2CC6 /* ClusterSettingsViewController.m */; };
		17F97E6F18F5CBA900CF2CC6 /* Document.m in Sources */ = {isa = PBXBuildFile; fileRef = 17F97E6D18F5CBA900CF2CC6 /* Document.m */; };
		17F97E7018F5CBA900CF2CC6 /* Document.xib in Resources */ = {isa = PBXBuildFile; fileRef = 17F97E6E18F5CBA900CF2CC6 /* Document.xib */; };
		6460BB02DAF84C1C93B24A7B /* libPods.a in Frameworks */ = {isa = PBXBuildFile; fileRef = B4B74A8A76064F108D808A9F /* libPods.a */; };
		EB5A37F218F5F29B003169EA /* QueryViewController.m in Sources */ = {isa = PBXBuildFile; fileRef = EB5A37F118F5F29B003169EA /* QueryViewController.m */; };
		EB5D901D18F5597B00410BE7 /* tray_icon.png in Resources */ = {isa = PBXBuildFile; fileRef = EB5D901518F5597B00410BE7 /* tray_icon.png */; };
		EB5D901E18F5597B00410BE7 /* tray_icon@2x.png in Resources */ = {isa = PBXBuildFile; fileRef = EB5D901618F5597B00410BE7 /* tray_icon@2x.png */; };
		EB5D901F18F5597B00410BE7 /* tray_icon_g.png in Resources */ = {isa = PBXBuildFile; fileRef = EB5D901718F5597B00410BE7 /* tray_icon_g.png */; };
		EB5D902018F5597B00410BE7 /* tray_icon_g@2x.png in Resources */ = {isa = PBXBuildFile; fileRef = EB5D901818F5597B00410BE7 /* tray_icon_g@2x.png */; };
		EB5D902118F5597B00410BE7 /* tray_icon_r.png in Resources */ = {isa = PBXBuildFile; fileRef = EB5D901918F5597B00410BE7 /* tray_icon_r.png */; };
		EB5D902218F5597B00410BE7 /* tray_icon_r@2x.png in Resources */ = {isa = PBXBuildFile; fileRef = EB5D901A18F5597B00410BE7 /* tray_icon_r@2x.png */; };
		EB5D902318F5597B00410BE7 /* tray_icon_y.png in Resources */ = {isa = PBXBuildFile; fileRef = EB5D901B18F5597B00410BE7 /* tray_icon_y.png */; };
		EB5D902418F5597B00410BE7 /* tray_icon_y@2x.png in Resources */ = {isa = PBXBuildFile; fileRef = EB5D901C18F5597B00410BE7 /* tray_icon_y@2x.png */; };
		EB91DF0518F539FF003CF3DE /* Cocoa.framework in Frameworks */ = {isa = PBXBuildFile; fileRef = EB91DF0418F539FF003CF3DE /* Cocoa.framework */; };
		EB91DF0F18F539FF003CF3DE /* InfoPlist.strings in Resources */ = {isa = PBXBuildFile; fileRef = EB91DF0D18F539FF003CF3DE /* InfoPlist.strings */; };
		EB91DF1118F539FF003CF3DE /* main.m in Sources */ = {isa = PBXBuildFile; fileRef = EB91DF1018F539FF003CF3DE /* main.m */; };
		EB91DF1518F539FF003CF3DE /* Credits.rtf in Resources */ = {isa = PBXBuildFile; fileRef = EB91DF1318F539FF003CF3DE /* Credits.rtf */; };
		EB91DF1818F539FF003CF3DE /* AppDelegate.m in Sources */ = {isa = PBXBuildFile; fileRef = EB91DF1718F539FF003CF3DE /* AppDelegate.m */; };
		EB91DF1B18F539FF003CF3DE /* MainMenu.xib in Resources */ = {isa = PBXBuildFile; fileRef = EB91DF1918F539FF003CF3DE /* MainMenu.xib */; };
		EB91DF1D18F539FF003CF3DE /* Images.xcassets in Resources */ = {isa = PBXBuildFile; fileRef = EB91DF1C18F539FF003CF3DE /* Images.xcassets */; };
		EB91DF2418F539FF003CF3DE /* XCTest.framework in Frameworks */ = {isa = PBXBuildFile; fileRef = EB91DF2318F539FF003CF3DE /* XCTest.framework */; };
		EB91DF2518F539FF003CF3DE /* Cocoa.framework in Frameworks */ = {isa = PBXBuildFile; fileRef = EB91DF0418F539FF003CF3DE /* Cocoa.framework */; };
		EB91DF2D18F539FF003CF3DE /* InfoPlist.strings in Resources */ = {isa = PBXBuildFile; fileRef = EB91DF2B18F539FF003CF3DE /* InfoPlist.strings */; };
		EB91DF2F18F539FF003CF3DE /* cratexTests.m in Sources */ = {isa = PBXBuildFile; fileRef = EB91DF2E18F539FF003CF3DE /* cratexTests.m */; };
		EBC5EECF18F6FD0E00548180 /* NSString+Additions.m in Sources */ = {isa = PBXBuildFile; fileRef = EBC5EECE18F6FD0E00548180 /* NSString+Additions.m */; };
		EBFF001B18F6BE4B00565CAF /* NSFont+Additions.m in Sources */ = {isa = PBXBuildFile; fileRef = EBFF001A18F6BE4B00565CAF /* NSFont+Additions.m */; };
		EBFF001E18F6D43500565CAF /* BlenderPro-Thin.otf in Resources */ = {isa = PBXBuildFile; fileRef = EBFF001D18F6D43500565CAF /* BlenderPro-Thin.otf */; };
/* End PBXBuildFile section */

/* Begin PBXContainerItemProxy section */
		EB91DF2618F539FF003CF3DE /* PBXContainerItemProxy */ = {
			isa = PBXContainerItemProxy;
			containerPortal = EB91DEF918F539FF003CF3DE /* Project object */;
			proxyType = 1;
			remoteGlobalIDString = EB91DF0018F539FF003CF3DE;
			remoteInfo = cratex;
		};
/* End PBXContainerItemProxy section */

/* Begin PBXFileReference section */
		11360EC9E8EC47729D1AB0EE /* Pods.xcconfig */ = {isa = PBXFileReference; includeInIndex = 1; lastKnownFileType = text.xcconfig; name = Pods.xcconfig; path = Pods/Pods.xcconfig; sourceTree = "<group>"; };
		1736388D18F6E3BA00470BA7 /* CLusterOverviewViewController.h */ = {isa = PBXFileReference; fileEncoding = 4; lastKnownFileType = sourcecode.c.h; path = CLusterOverviewViewController.h; sourceTree = "<group>"; };
		1736388E18F6E3BA00470BA7 /* CLusterOverviewViewController.m */ = {isa = PBXFileReference; fileEncoding = 4; lastKnownFileType = sourcecode.c.objc; path = CLusterOverviewViewController.m; sourceTree = "<group>"; };
		17EF9EA618F56B9F00BA89C8 /* Cluster.h */ = {isa = PBXFileReference; fileEncoding = 4; lastKnownFileType = sourcecode.c.h; path = Cluster.h; sourceTree = "<group>"; };
		17EF9EA718F56B9F00BA89C8 /* Cluster.m */ = {isa = PBXFileReference; fileEncoding = 4; lastKnownFileType = sourcecode.c.objc; path = Cluster.m; sourceTree = "<group>"; };
		17F97DE318F5BA9400CF2CC6 /* ClusterSettingsViewController.h */ = {isa = PBXFileReference; fileEncoding = 4; lastKnownFileType = sourcecode.c.h; path = ClusterSettingsViewController.h; sourceTree = "<group>"; };
		17F97DE418F5BA9400CF2CC6 /* ClusterSettingsViewController.m */ = {isa = PBXFileReference; fileEncoding = 4; lastKnownFileType = sourcecode.c.objc; path = ClusterSettingsViewController.m; sourceTree = "<group>"; };
		17F97E6C18F5CBA900CF2CC6 /* Document.h */ = {isa = PBXFileReference; fileEncoding = 4; lastKnownFileType = sourcecode.c.h; path = Document.h; sourceTree = "<group>"; };
		17F97E6D18F5CBA900CF2CC6 /* Document.m */ = {isa = PBXFileReference; fileEncoding = 4; lastKnownFileType = sourcecode.c.objc; path = Document.m; sourceTree = "<group>"; };
		17F97E6E18F5CBA900CF2CC6 /* Document.xib */ = {isa = PBXFileReference; fileEncoding = 4; lastKnownFileType = file.xib; path = Document.xib; sourceTree = "<group>"; };
		B4B74A8A76064F108D808A9F /* libPods.a */ = {isa = PBXFileReference; explicitFileType = archive.ar; includeInIndex = 0; path = libPods.a; sourceTree = BUILT_PRODUCTS_DIR; };
		EB5A37F018F5F29B003169EA /* QueryViewController.h */ = {isa = PBXFileReference; fileEncoding = 4; lastKnownFileType = sourcecode.c.h; path = QueryViewController.h; sourceTree = "<group>"; };
		EB5A37F118F5F29B003169EA /* QueryViewController.m */ = {isa = PBXFileReference; fileEncoding = 4; lastKnownFileType = sourcecode.c.objc; path = QueryViewController.m; sourceTree = "<group>"; };
		EB5D901518F5597B00410BE7 /* tray_icon.png */ = {isa = PBXFileReference; lastKnownFileType = image.png; path = tray_icon.png; sourceTree = "<group>"; };
		EB5D901618F5597B00410BE7 /* tray_icon@2x.png */ = {isa = PBXFileReference; lastKnownFileType = image.png; path = "tray_icon@2x.png"; sourceTree = "<group>"; };
		EB5D901718F5597B00410BE7 /* tray_icon_g.png */ = {isa = PBXFileReference; lastKnownFileType = image.png; path = tray_icon_g.png; sourceTree = "<group>"; };
		EB5D901818F5597B00410BE7 /* tray_icon_g@2x.png */ = {isa = PBXFileReference; lastKnownFileType = image.png; path = "tray_icon_g@2x.png"; sourceTree = "<group>"; };
		EB5D901918F5597B00410BE7 /* tray_icon_r.png */ = {isa = PBXFileReference; lastKnownFileType = image.png; path = tray_icon_r.png; sourceTree = "<group>"; };
		EB5D901A18F5597B00410BE7 /* tray_icon_r@2x.png */ = {isa = PBXFileReference; lastKnownFileType = image.png; path = "tray_icon_r@2x.png"; sourceTree = "<group>"; };
		EB5D901B18F5597B00410BE7 /* tray_icon_y.png */ = {isa = PBXFileReference; lastKnownFileType = image.png; path = tray_icon_y.png; sourceTree = "<group>"; };
		EB5D901C18F5597B00410BE7 /* tray_icon_y@2x.png */ = {isa = PBXFileReference; lastKnownFileType = image.png; path = "tray_icon_y@2x.png"; sourceTree = "<group>"; };
		EB91DF0118F539FF003CF3DE /* cratex.app */ = {isa = PBXFileReference; explicitFileType = wrapper.application; includeInIndex = 0; path = cratex.app; sourceTree = BUILT_PRODUCTS_DIR; };
		EB91DF0418F539FF003CF3DE /* Cocoa.framework */ = {isa = PBXFileReference; lastKnownFileType = wrapper.framework; name = Cocoa.framework; path = System/Library/Frameworks/Cocoa.framework; sourceTree = SDKROOT; };
		EB91DF0718F539FF003CF3DE /* AppKit.framework */ = {isa = PBXFileReference; lastKnownFileType = wrapper.framework; name = AppKit.framework; path = System/Library/Frameworks/AppKit.framework; sourceTree = SDKROOT; };
		EB91DF0818F539FF003CF3DE /* CoreData.framework */ = {isa = PBXFileReference; lastKnownFileType = wrapper.framework; name = CoreData.framework; path = System/Library/Frameworks/CoreData.framework; sourceTree = SDKROOT; };
		EB91DF0918F539FF003CF3DE /* Foundation.framework */ = {isa = PBXFileReference; lastKnownFileType = wrapper.framework; name = Foundation.framework; path = System/Library/Frameworks/Foundation.framework; sourceTree = SDKROOT; };
		EB91DF0C18F539FF003CF3DE /* cratex-Info.plist */ = {isa = PBXFileReference; lastKnownFileType = text.plist.xml; path = "cratex-Info.plist"; sourceTree = "<group>"; };
		EB91DF0E18F539FF003CF3DE /* en */ = {isa = PBXFileReference; lastKnownFileType = text.plist.strings; name = en; path = en.lproj/InfoPlist.strings; sourceTree = "<group>"; };
		EB91DF1018F539FF003CF3DE /* main.m */ = {isa = PBXFileReference; lastKnownFileType = sourcecode.c.objc; path = main.m; sourceTree = "<group>"; };
		EB91DF1218F539FF003CF3DE /* cratex-Prefix.pch */ = {isa = PBXFileReference; lastKnownFileType = sourcecode.c.h; path = "cratex-Prefix.pch"; sourceTree = "<group>"; };
		EB91DF1418F539FF003CF3DE /* en */ = {isa = PBXFileReference; lastKnownFileType = text.rtf; name = en; path = en.lproj/Credits.rtf; sourceTree = "<group>"; };
		EB91DF1618F539FF003CF3DE /* AppDelegate.h */ = {isa = PBXFileReference; lastKnownFileType = sourcecode.c.h; path = AppDelegate.h; sourceTree = "<group>"; };
		EB91DF1718F539FF003CF3DE /* AppDelegate.m */ = {isa = PBXFileReference; lastKnownFileType = sourcecode.c.objc; path = AppDelegate.m; sourceTree = "<group>"; };
		EB91DF1A18F539FF003CF3DE /* Base */ = {isa = PBXFileReference; lastKnownFileType = file.xib; name = Base; path = Base.lproj/MainMenu.xib; sourceTree = "<group>"; };
		EB91DF1C18F539FF003CF3DE /* Images.xcassets */ = {isa = PBXFileReference; lastKnownFileType = folder.assetcatalog; path = Images.xcassets; sourceTree = "<group>"; };
		EB91DF2218F539FF003CF3DE /* cratexTests.xctest */ = {isa = PBXFileReference; explicitFileType = wrapper.cfbundle; includeInIndex = 0; path = cratexTests.xctest; sourceTree = BUILT_PRODUCTS_DIR; };
		EB91DF2318F539FF003CF3DE /* XCTest.framework */ = {isa = PBXFileReference; lastKnownFileType = wrapper.framework; name = XCTest.framework; path = Library/Frameworks/XCTest.framework; sourceTree = DEVELOPER_DIR; };
		EB91DF2A18F539FF003CF3DE /* cratexTests-Info.plist */ = {isa = PBXFileReference; lastKnownFileType = text.plist.xml; path = "cratexTests-Info.plist"; sourceTree = "<group>"; };
		EB91DF2C18F539FF003CF3DE /* en */ = {isa = PBXFileReference; lastKnownFileType = text.plist.strings; name = en; path = en.lproj/InfoPlist.strings; sourceTree = "<group>"; };
		EB91DF2E18F539FF003CF3DE /* cratexTests.m */ = {isa = PBXFileReference; lastKnownFileType = sourcecode.c.objc; path = cratexTests.m; sourceTree = "<group>"; };
		EBC5EECD18F6FD0E00548180 /* NSString+Additions.h */ = {isa = PBXFileReference; fileEncoding = 4; lastKnownFileType = sourcecode.c.h; path = "NSString+Additions.h"; sourceTree = "<group>"; };
		EBC5EECE18F6FD0E00548180 /* NSString+Additions.m */ = {isa = PBXFileReference; fileEncoding = 4; lastKnownFileType = sourcecode.c.objc; path = "NSString+Additions.m"; sourceTree = "<group>"; };
		EBD1AD3B18F5732000E4AAC4 /* Constants.h */ = {isa = PBXFileReference; fileEncoding = 4; lastKnownFileType = sourcecode.c.h; path = Constants.h; sourceTree = "<group>"; };
		EBFF001918F6BE4B00565CAF /* NSFont+Additions.h */ = {isa = PBXFileReference; fileEncoding = 4; lastKnownFileType = sourcecode.c.h; path = "NSFont+Additions.h"; sourceTree = "<group>"; };
		EBFF001A18F6BE4B00565CAF /* NSFont+Additions.m */ = {isa = PBXFileReference; fileEncoding = 4; lastKnownFileType = sourcecode.c.objc; path = "NSFont+Additions.m"; sourceTree = "<group>"; };
		EBFF001D18F6D43500565CAF /* BlenderPro-Thin.otf */ = {isa = PBXFileReference; lastKnownFileType = file; path = "BlenderPro-Thin.otf"; sourceTree = "<group>"; };
/* End PBXFileReference section */

/* Begin PBXFrameworksBuildPhase section */
		EB91DEFE18F539FF003CF3DE /* Frameworks */ = {
			isa = PBXFrameworksBuildPhase;
			buildActionMask = 2147483647;
			files = (
				EB91DF0518F539FF003CF3DE /* Cocoa.framework in Frameworks */,
				6460BB02DAF84C1C93B24A7B /* libPods.a in Frameworks */,
			);
			runOnlyForDeploymentPostprocessing = 0;
		};
		EB91DF1F18F539FF003CF3DE /* Frameworks */ = {
			isa = PBXFrameworksBuildPhase;
			buildActionMask = 2147483647;
			files = (
				EB91DF2518F539FF003CF3DE /* Cocoa.framework in Frameworks */,
				EB91DF2418F539FF003CF3DE /* XCTest.framework in Frameworks */,
			);
			runOnlyForDeploymentPostprocessing = 0;
		};
/* End PBXFrameworksBuildPhase section */

/* Begin PBXGroup section */
		1736388C18F6E3A700470BA7 /* overview */ = {
			isa = PBXGroup;
			children = (
				1736388D18F6E3BA00470BA7 /* CLusterOverviewViewController.h */,
				1736388E18F6E3BA00470BA7 /* CLusterOverviewViewController.m */,
			);
			path = overview;
			sourceTree = "<group>";
		};
		17EF9EA518F56B7E00BA89C8 /* cluster */ = {
			isa = PBXGroup;
			children = (
				17EF9EA618F56B9F00BA89C8 /* Cluster.h */,
				17EF9EA718F56B9F00BA89C8 /* Cluster.m */,
				17F97DE318F5BA9400CF2CC6 /* ClusterSettingsViewController.h */,
				17F97DE418F5BA9400CF2CC6 /* ClusterSettingsViewController.m */,
			);
			path = cluster;
			sourceTree = "<group>";
		};
		EB5A37EF18F5F267003169EA /* query */ = {
			isa = PBXGroup;
			children = (
				EB5A37F018F5F29B003169EA /* QueryViewController.h */,
				EB5A37F118F5F29B003169EA /* QueryViewController.m */,
			);
			path = query;
			sourceTree = "<group>";
		};
		EB5D901418F5597B00410BE7 /* Images */ = {
			isa = PBXGroup;
			children = (
				EB5D901518F5597B00410BE7 /* tray_icon.png */,
				EB5D901618F5597B00410BE7 /* tray_icon@2x.png */,
				EB5D901718F5597B00410BE7 /* tray_icon_g.png */,
				EB5D901818F5597B00410BE7 /* tray_icon_g@2x.png */,
				EB5D901918F5597B00410BE7 /* tray_icon_r.png */,
				EB5D901A18F5597B00410BE7 /* tray_icon_r@2x.png */,
				EB5D901B18F5597B00410BE7 /* tray_icon_y.png */,
				EB5D901C18F5597B00410BE7 /* tray_icon_y@2x.png */,
			);
			path = Images;
			sourceTree = "<group>";
		};
		EB91DEF818F539FF003CF3DE = {
			isa = PBXGroup;
			children = (
				EB91DF0A18F539FF003CF3DE /* cratex */,
				EB91DF2818F539FF003CF3DE /* cratexTests */,
				EB91DF0318F539FF003CF3DE /* Frameworks */,
				EB91DF0218F539FF003CF3DE /* Products */,
				11360EC9E8EC47729D1AB0EE /* Pods.xcconfig */,
			);
			sourceTree = "<group>";
		};
		EB91DF0218F539FF003CF3DE /* Products */ = {
			isa = PBXGroup;
			children = (
				EB91DF0118F539FF003CF3DE /* cratex.app */,
				EB91DF2218F539FF003CF3DE /* cratexTests.xctest */,
			);
			name = Products;
			sourceTree = "<group>";
		};
		EB91DF0318F539FF003CF3DE /* Frameworks */ = {
			isa = PBXGroup;
			children = (
				EB91DF0418F539FF003CF3DE /* Cocoa.framework */,
				EB91DF2318F539FF003CF3DE /* XCTest.framework */,
				EB91DF0618F539FF003CF3DE /* Other Frameworks */,
				B4B74A8A76064F108D808A9F /* libPods.a */,
			);
			name = Frameworks;
			sourceTree = "<group>";
		};
		EB91DF0618F539FF003CF3DE /* Other Frameworks */ = {
			isa = PBXGroup;
			children = (
				EB91DF0718F539FF003CF3DE /* AppKit.framework */,
				EB91DF0818F539FF003CF3DE /* CoreData.framework */,
				EB91DF0918F539FF003CF3DE /* Foundation.framework */,
			);
			name = "Other Frameworks";
			sourceTree = "<group>";
		};
		EB91DF0A18F539FF003CF3DE /* cratex */ = {
			isa = PBXGroup;
			children = (
				1736388C18F6E3A700470BA7 /* overview */,
				EBFF001818F6BE2800565CAF /* Additions */,
				EB5A37EF18F5F267003169EA /* query */,
				17F97E6C18F5CBA900CF2CC6 /* Document.h */,
				17F97E6D18F5CBA900CF2CC6 /* Document.m */,
				17F97E6E18F5CBA900CF2CC6 /* Document.xib */,
				17EF9EA518F56B7E00BA89C8 /* cluster */,
				EB91DF1618F539FF003CF3DE /* AppDelegate.h */,
				EB91DF1718F539FF003CF3DE /* AppDelegate.m */,
				EBD1AD3B18F5732000E4AAC4 /* Constants.h */,
				EB91DF1918F539FF003CF3DE /* MainMenu.xib */,
				EB91DF1C18F539FF003CF3DE /* Images.xcassets */,
				EB91DF0B18F539FF003CF3DE /* Supporting Files */,
			);
			path = cratex;
			sourceTree = "<group>";
		};
		EB91DF0B18F539FF003CF3DE /* Supporting Files */ = {
			isa = PBXGroup;
			children = (
				EBFF001C18F6D43500565CAF /* Fonts */,
				EB5D901418F5597B00410BE7 /* Images */,
				EB91DF0C18F539FF003CF3DE /* cratex-Info.plist */,
				EB91DF0D18F539FF003CF3DE /* InfoPlist.strings */,
				EB91DF1018F539FF003CF3DE /* main.m */,
				EB91DF1218F539FF003CF3DE /* cratex-Prefix.pch */,
				EB91DF1318F539FF003CF3DE /* Credits.rtf */,
			);
			name = "Supporting Files";
			sourceTree = "<group>";
		};
		EB91DF2818F539FF003CF3DE /* cratexTests */ = {
			isa = PBXGroup;
			children = (
				EB91DF2E18F539FF003CF3DE /* cratexTests.m */,
				EB91DF2918F539FF003CF3DE /* Supporting Files */,
			);
			path = cratexTests;
			sourceTree = "<group>";
		};
		EB91DF2918F539FF003CF3DE /* Supporting Files */ = {
			isa = PBXGroup;
			children = (
				EB91DF2A18F539FF003CF3DE /* cratexTests-Info.plist */,
				EB91DF2B18F539FF003CF3DE /* InfoPlist.strings */,
			);
			name = "Supporting Files";
			sourceTree = "<group>";
		};
		EBFF001818F6BE2800565CAF /* Additions */ = {
			isa = PBXGroup;
			children = (
				EBFF001918F6BE4B00565CAF /* NSFont+Additions.h */,
				EBFF001A18F6BE4B00565CAF /* NSFont+Additions.m */,
				EBC5EECD18F6FD0E00548180 /* NSString+Additions.h */,
				EBC5EECE18F6FD0E00548180 /* NSString+Additions.m */,
			);
			path = Additions;
			sourceTree = "<group>";
		};
		EBFF001C18F6D43500565CAF /* Fonts */ = {
			isa = PBXGroup;
			children = (
				EBFF001D18F6D43500565CAF /* BlenderPro-Thin.otf */,
			);
			path = Fonts;
			sourceTree = "<group>";
		};
/* End PBXGroup section */

/* Begin PBXNativeTarget section */
		EB91DF0018F539FF003CF3DE /* cratex */ = {
			isa = PBXNativeTarget;
			buildConfigurationList = EB91DF3218F539FF003CF3DE /* Build configuration list for PBXNativeTarget "cratex" */;
			buildPhases = (
				B4E07BBDA88543C1BA297258 /* Check Pods Manifest.lock */,
				EB91DEFD18F539FF003CF3DE /* Sources */,
				EB91DEFE18F539FF003CF3DE /* Frameworks */,
				EB91DEFF18F539FF003CF3DE /* Resources */,
				2DEB578E0A564FE68C8074DF /* Copy Pods Resources */,
			);
			buildRules = (
			);
			dependencies = (
			);
			name = cratex;
			productName = cratex;
			productReference = EB91DF0118F539FF003CF3DE /* cratex.app */;
			productType = "com.apple.product-type.application";
		};
		EB91DF2118F539FF003CF3DE /* cratexTests */ = {
			isa = PBXNativeTarget;
			buildConfigurationList = EB91DF3518F539FF003CF3DE /* Build configuration list for PBXNativeTarget "cratexTests" */;
			buildPhases = (
				EB91DF1E18F539FF003CF3DE /* Sources */,
				EB91DF1F18F539FF003CF3DE /* Frameworks */,
				EB91DF2018F539FF003CF3DE /* Resources */,
			);
			buildRules = (
			);
			dependencies = (
				EB91DF2718F539FF003CF3DE /* PBXTargetDependency */,
			);
			name = cratexTests;
			productName = cratexTests;
			productReference = EB91DF2218F539FF003CF3DE /* cratexTests.xctest */;
			productType = "com.apple.product-type.bundle.unit-test";
		};
/* End PBXNativeTarget section */

/* Begin PBXProject section */
		EB91DEF918F539FF003CF3DE /* Project object */ = {
			isa = PBXProject;
			attributes = {
				LastUpgradeCheck = 0500;
				ORGANIZATIONNAME = "CRATE Technology GmbH";
				TargetAttributes = {
					EB91DF2118F539FF003CF3DE = {
						TestTargetID = EB91DF0018F539FF003CF3DE;
					};
				};
			};
			buildConfigurationList = EB91DEFC18F539FF003CF3DE /* Build configuration list for PBXProject "cratex" */;
			compatibilityVersion = "Xcode 3.2";
			developmentRegion = English;
			hasScannedForEncodings = 0;
			knownRegions = (
				en,
				Base,
			);
			mainGroup = EB91DEF818F539FF003CF3DE;
			productRefGroup = EB91DF0218F539FF003CF3DE /* Products */;
			projectDirPath = "";
			projectRoot = "";
			targets = (
				EB91DF0018F539FF003CF3DE /* cratex */,
				EB91DF2118F539FF003CF3DE /* cratexTests */,
			);
		};
/* End PBXProject section */

/* Begin PBXResourcesBuildPhase section */
		EB91DEFF18F539FF003CF3DE /* Resources */ = {
			isa = PBXResourcesBuildPhase;
			buildActionMask = 2147483647;
			files = (
				EB5D901D18F5597B00410BE7 /* tray_icon.png in Resources */,
				EB91DF0F18F539FF003CF3DE /* InfoPlist.strings in Resources */,
				EB91DF1D18F539FF003CF3DE /* Images.xcassets in Resources */,
				EBFF001E18F6D43500565CAF /* BlenderPro-Thin.otf in Resources */,
				EB5D902118F5597B00410BE7 /* tray_icon_r.png in Resources */,
				EB5D901E18F5597B00410BE7 /* tray_icon@2x.png in Resources */,
				EB5D901F18F5597B00410BE7 /* tray_icon_g.png in Resources */,
				EB5D902018F5597B00410BE7 /* tray_icon_g@2x.png in Resources */,
				17F97E7018F5CBA900CF2CC6 /* Document.xib in Resources */,
				EB5D902418F5597B00410BE7 /* tray_icon_y@2x.png in Resources */,
				EB91DF1518F539FF003CF3DE /* Credits.rtf in Resources */,
				EB5D902318F5597B00410BE7 /* tray_icon_y.png in Resources */,
				EB5D902218F5597B00410BE7 /* tray_icon_r@2x.png in Resources */,
				EB91DF1B18F539FF003CF3DE /* MainMenu.xib in Resources */,
			);
			runOnlyForDeploymentPostprocessing = 0;
		};
		EB91DF2018F539FF003CF3DE /* Resources */ = {
			isa = PBXResourcesBuildPhase;
			buildActionMask = 2147483647;
			files = (
				EB91DF2D18F539FF003CF3DE /* InfoPlist.strings in Resources */,
			);
			runOnlyForDeploymentPostprocessing = 0;
		};
/* End PBXResourcesBuildPhase section */

/* Begin PBXShellScriptBuildPhase section */
		2DEB578E0A564FE68C8074DF /* Copy Pods Resources */ = {
			isa = PBXShellScriptBuildPhase;
			buildActionMask = 2147483647;
			files = (
			);
			inputPaths = (
			);
			name = "Copy Pods Resources";
			outputPaths = (
			);
			runOnlyForDeploymentPostprocessing = 0;
			shellPath = /bin/sh;
			shellScript = "\"${SRCROOT}/Pods/Pods-resources.sh\"\n";
			showEnvVarsInLog = 0;
		};
		B4E07BBDA88543C1BA297258 /* Check Pods Manifest.lock */ = {
			isa = PBXShellScriptBuildPhase;
			buildActionMask = 2147483647;
			files = (
			);
			inputPaths = (
			);
			name = "Check Pods Manifest.lock";
			outputPaths = (
			);
			runOnlyForDeploymentPostprocessing = 0;
			shellPath = /bin/sh;
			shellScript = "diff \"${PODS_ROOT}/../Podfile.lock\" \"${PODS_ROOT}/Manifest.lock\" > /dev/null\nif [[ $? != 0 ]] ; then\n    cat << EOM\nerror: The sandbox is not in sync with the Podfile.lock. Run 'pod install' or update your CocoaPods installation.\nEOM\n    exit 1\nfi\n";
			showEnvVarsInLog = 0;
		};
/* End PBXShellScriptBuildPhase section */

/* Begin PBXSourcesBuildPhase section */
		EB91DEFD18F539FF003CF3DE /* Sources */ = {
			isa = PBXSourcesBuildPhase;
			buildActionMask = 2147483647;
			files = (
				EB91DF1818F539FF003CF3DE /* AppDelegate.m in Sources */,
				17F97DE518F5BA9400CF2CC6 /* ClusterSettingsViewController.m in Sources */,
				EBC5EECF18F6FD0E00548180 /* NSString+Additions.m in Sources */,
				1736388F18F6E3BA00470BA7 /* CLusterOverviewViewController.m in Sources */,
				17EF9EA818F56B9F00BA89C8 /* Cluster.m in Sources */,
				17F97E6F18F5CBA900CF2CC6 /* Document.m in Sources */,
				EBFF001B18F6BE4B00565CAF /* NSFont+Additions.m in Sources */,
				EB91DF1118F539FF003CF3DE /* main.m in Sources */,
				EB5A37F218F5F29B003169EA /* QueryViewController.m in Sources */,
			);
			runOnlyForDeploymentPostprocessing = 0;
		};
		EB91DF1E18F539FF003CF3DE /* Sources */ = {
			isa = PBXSourcesBuildPhase;
			buildActionMask = 2147483647;
			files = (
				EB91DF2F18F539FF003CF3DE /* cratexTests.m in Sources */,
			);
			runOnlyForDeploymentPostprocessing = 0;
		};
/* End PBXSourcesBuildPhase section */

/* Begin PBXTargetDependency section */
		EB91DF2718F539FF003CF3DE /* PBXTargetDependency */ = {
			isa = PBXTargetDependency;
			target = EB91DF0018F539FF003CF3DE /* cratex */;
			targetProxy = EB91DF2618F539FF003CF3DE /* PBXContainerItemProxy */;
		};
/* End PBXTargetDependency section */

/* Begin PBXVariantGroup section */
		EB91DF0D18F539FF003CF3DE /* InfoPlist.strings */ = {
			isa = PBXVariantGroup;
			children = (
				EB91DF0E18F539FF003CF3DE /* en */,
			);
			name = InfoPlist.strings;
			sourceTree = "<group>";
		};
		EB91DF1318F539FF003CF3DE /* Credits.rtf */ = {
			isa = PBXVariantGroup;
			children = (
				EB91DF1418F539FF003CF3DE /* en */,
			);
			name = Credits.rtf;
			sourceTree = "<group>";
		};
		EB91DF1918F539FF003CF3DE /* MainMenu.xib */ = {
			isa = PBXVariantGroup;
			children = (
				EB91DF1A18F539FF003CF3DE /* Base */,
			);
			name = MainMenu.xib;
			sourceTree = "<group>";
		};
		EB91DF2B18F539FF003CF3DE /* InfoPlist.strings */ = {
			isa = PBXVariantGroup;
			children = (
				EB91DF2C18F539FF003CF3DE /* en */,
			);
			name = InfoPlist.strings;
			sourceTree = "<group>";
		};
/* End PBXVariantGroup section */

/* Begin XCBuildConfiguration section */
		EB91DF3018F539FF003CF3DE /* Debug */ = {
			isa = XCBuildConfiguration;
			buildSettings = {
				ALWAYS_SEARCH_USER_PATHS = NO;
				CLANG_CXX_LANGUAGE_STANDARD = "gnu++0x";
				CLANG_CXX_LIBRARY = "libc++";
				CLANG_ENABLE_OBJC_ARC = YES;
				CLANG_WARN_BOOL_CONVERSION = YES;
				CLANG_WARN_CONSTANT_CONVERSION = YES;
				CLANG_WARN_DIRECT_OBJC_ISA_USAGE = YES_ERROR;
				CLANG_WARN_EMPTY_BODY = YES;
				CLANG_WARN_ENUM_CONVERSION = YES;
				CLANG_WARN_INT_CONVERSION = YES;
				CLANG_WARN_OBJC_ROOT_CLASS = YES_ERROR;
				CLANG_WARN__DUPLICATE_METHOD_MATCH = YES;
				COPY_PHASE_STRIP = NO;
				GCC_C_LANGUAGE_STANDARD = gnu99;
				GCC_DYNAMIC_NO_PIC = NO;
				GCC_ENABLE_OBJC_EXCEPTIONS = YES;
				GCC_OPTIMIZATION_LEVEL = 0;
				GCC_PREPROCESSOR_DEFINITIONS = (
					"DEBUG=1",
					"$(inherited)",
				);
				GCC_SYMBOLS_PRIVATE_EXTERN = NO;
				GCC_WARN_64_TO_32_BIT_CONVERSION = YES;
				GCC_WARN_ABOUT_RETURN_TYPE = YES_ERROR;
				GCC_WARN_UNDECLARED_SELECTOR = YES;
				GCC_WARN_UNINITIALIZED_AUTOS = YES;
				GCC_WARN_UNUSED_FUNCTION = YES;
				GCC_WARN_UNUSED_VARIABLE = YES;
				MACOSX_DEPLOYMENT_TARGET = 10.9;
				ONLY_ACTIVE_ARCH = YES;
				SDKROOT = macosx;
			};
			name = Debug;
		};
		EB91DF3118F539FF003CF3DE /* Release */ = {
			isa = XCBuildConfiguration;
			buildSettings = {
				ALWAYS_SEARCH_USER_PATHS = NO;
				CLANG_CXX_LANGUAGE_STANDARD = "gnu++0x";
				CLANG_CXX_LIBRARY = "libc++";
				CLANG_ENABLE_OBJC_ARC = YES;
				CLANG_WARN_BOOL_CONVERSION = YES;
				CLANG_WARN_CONSTANT_CONVERSION = YES;
				CLANG_WARN_DIRECT_OBJC_ISA_USAGE = YES_ERROR;
				CLANG_WARN_EMPTY_BODY = YES;
				CLANG_WARN_ENUM_CONVERSION = YES;
				CLANG_WARN_INT_CONVERSION = YES;
				CLANG_WARN_OBJC_ROOT_CLASS = YES_ERROR;
				CLANG_WARN__DUPLICATE_METHOD_MATCH = YES;
				COPY_PHASE_STRIP = YES;
				DEBUG_INFORMATION_FORMAT = "dwarf-with-dsym";
				ENABLE_NS_ASSERTIONS = NO;
				GCC_C_LANGUAGE_STANDARD = gnu99;
				GCC_ENABLE_OBJC_EXCEPTIONS = YES;
				GCC_WARN_64_TO_32_BIT_CONVERSION = YES;
				GCC_WARN_ABOUT_RETURN_TYPE = YES_ERROR;
				GCC_WARN_UNDECLARED_SELECTOR = YES;
				GCC_WARN_UNINITIALIZED_AUTOS = YES;
				GCC_WARN_UNUSED_FUNCTION = YES;
				GCC_WARN_UNUSED_VARIABLE = YES;
				MACOSX_DEPLOYMENT_TARGET = 10.9;
				SDKROOT = macosx;
			};
			name = Release;
		};
		EB91DF3318F539FF003CF3DE /* Debug */ = {
			isa = XCBuildConfiguration;
			baseConfigurationReference = 11360EC9E8EC47729D1AB0EE /* Pods.xcconfig */;
			buildSettings = {
				ASSETCATALOG_COMPILER_APPICON_NAME = AppIcon;
				COMBINE_HIDPI_IMAGES = YES;
				GCC_PRECOMPILE_PREFIX_HEADER = YES;
				GCC_PREFIX_HEADER = "cratex/cratex-Prefix.pch";
				INFOPLIST_FILE = "cratex/cratex-Info.plist";
				PRODUCT_NAME = "$(TARGET_NAME)";
				WRAPPER_EXTENSION = app;
			};
			name = Debug;
		};
		EB91DF3418F539FF003CF3DE /* Release */ = {
			isa = XCBuildConfiguration;
			baseConfigurationReference = 11360EC9E8EC47729D1AB0EE /* Pods.xcconfig */;
			buildSettings = {
				ASSETCATALOG_COMPILER_APPICON_NAME = AppIcon;
				COMBINE_HIDPI_IMAGES = YES;
				GCC_PRECOMPILE_PREFIX_HEADER = YES;
				GCC_PREFIX_HEADER = "cratex/cratex-Prefix.pch";
				INFOPLIST_FILE = "cratex/cratex-Info.plist";
				PRODUCT_NAME = "$(TARGET_NAME)";
				WRAPPER_EXTENSION = app;
			};
			name = Release;
		};
		EB91DF3618F539FF003CF3DE /* Debug */ = {
			isa = XCBuildConfiguration;
			buildSettings = {
				BUNDLE_LOADER = "$(BUILT_PRODUCTS_DIR)/cratex.app/Contents/MacOS/cratex";
				COMBINE_HIDPI_IMAGES = YES;
				FRAMEWORK_SEARCH_PATHS = (
					"$(DEVELOPER_FRAMEWORKS_DIR)",
					"$(inherited)",
				);
				GCC_PRECOMPILE_PREFIX_HEADER = YES;
				GCC_PREFIX_HEADER = "cratex/cratex-Prefix.pch";
				GCC_PREPROCESSOR_DEFINITIONS = (
					"DEBUG=1",
					"$(inherited)",
				);
				INFOPLIST_FILE = "cratexTests/cratexTests-Info.plist";
				PRODUCT_NAME = "$(TARGET_NAME)";
				TEST_HOST = "$(BUNDLE_LOADER)";
				WRAPPER_EXTENSION = xctest;
			};
			name = Debug;
		};
		EB91DF3718F539FF003CF3DE /* Release */ = {
			isa = XCBuildConfiguration;
			buildSettings = {
				BUNDLE_LOADER = "$(BUILT_PRODUCTS_DIR)/cratex.app/Contents/MacOS/cratex";
				COMBINE_HIDPI_IMAGES = YES;
				FRAMEWORK_SEARCH_PATHS = (
					"$(DEVELOPER_FRAMEWORKS_DIR)",
					"$(inherited)",
				);
				GCC_PRECOMPILE_PREFIX_HEADER = YES;
				GCC_PREFIX_HEADER = "cratex/cratex-Prefix.pch";
				INFOPLIST_FILE = "cratexTests/cratexTests-Info.plist";
				PRODUCT_NAME = "$(TARGET_NAME)";
				TEST_HOST = "$(BUNDLE_LOADER)";
				WRAPPER_EXTENSION = xctest;
			};
			name = Release;
		};
/* End XCBuildConfiguration section */

/* Begin XCConfigurationList section */
		EB91DEFC18F539FF003CF3DE /* Build configuration list for PBXProject "cratex" */ = {
			isa = XCConfigurationList;
			buildConfigurations = (
				EB91DF3018F539FF003CF3DE /* Debug */,
				EB91DF3118F539FF003CF3DE /* Release */,
			);
			defaultConfigurationIsVisible = 0;
			defaultConfigurationName = Release;
		};
		EB91DF3218F539FF003CF3DE /* Build configuration list for PBXNativeTarget "cratex" */ = {
			isa = XCConfigurationList;
			buildConfigurations = (
				EB91DF3318F539FF003CF3DE /* Debug */,
				EB91DF3418F539FF003CF3DE /* Release */,
			);
			defaultConfigurationIsVisible = 0;
			defaultConfigurationName = Release;
		};
		EB91DF3518F539FF003CF3DE /* Build configuration list for PBXNativeTarget "cratexTests" */ = {
			isa = XCConfigurationList;
			buildConfigurations = (
				EB91DF3618F539FF003CF3DE /* Debug */,
				EB91DF3718F539FF003CF3DE /* Release */,
			);
			defaultConfigurationIsVisible = 0;
			defaultConfigurationName = Release;
		};
/* End XCConfigurationList section */
	};
	rootObject = EB91DEF918F539FF003CF3DE /* Project object */;
}
